
Microsoft Visual Studio Solution File, Format Version 12.00
# Visual Studio Version 17
VisualStudioVersion = 17.4.33213.308
MinimumVisualStudioVersion = 10.0.40219.1
Project("{FAE04EC0-301F-11D3-BF4B-00C04F79EFBC}") = "DateTepy", "DateTepy\DateTepy.csproj", "{C175B3F5-6E8D-434D-A5EB-CE6CCD6B741E}"
EndProject
Global
	GlobalSection(SolutionConfigurationPlatforms) = preSolution
		Debug|Any CPU = Debug|Any CPU
		Release|Any CPU = Release|Any CPU
	EndGlobalSection
	GlobalSection(ProjectConfigurationPlatforms) = postSolution
		{C175B3F5-6E8D-434D-A5EB-CE6CCD6B741E}.Debug|Any CPU.ActiveCfg = Debug|Any CPU
		{C175B3F5-6E8D-434D-A5EB-CE6CCD6B741E}.Debug|Any CPU.Build.0 = Debug|Any CPU
		{C175B3F5-6E8D-434D-A5EB-CE6CCD6B741E}.Release|Any CPU.ActiveCfg = Release|Any CPU
		{C175B3F5-6E8D-434D-A5EB-CE6CCD6B741E}.Release|Any CPU.Build.0 = Release|Any CPU
	EndGlobalSection
	GlobalSection(SolutionProperties) = preSolution
		HideSolutionNode = FALSE
	EndGlobalSection
	GlobalSection(ExtensibilityGlobals) = postSolution
		SolutionGuid = {1B13AD21-73A8-4C45-82FF-D22010D778CF}
	EndGlobalSection
EndGlobal
